{
  "name": "@maxminddatabase/geolite2",
  "version": "1.0.2",
  "lockfileVersion": 3,
  "requires": true,
  "packages": {
    "": {
      "name": "@maxminddatabase/geolite2",
      "version": "1.0.2",
      "license": "ISC",
      "dependencies": {
        "@maxmind/geoip2-node": "^6.2.0"
      },
      "devDependencies": {
        "@types/node": "^24.7.2",
        "prettier": "^3.6.2"
      }
    },
    "node_modules/@maxmind/geoip2-node": {
      "version": "6.2.0",
      "resolved": "https://registry.npmjs.org/@maxmind/geoip2-node/-/geoip2-node-6.2.0.tgz",
      "integrity": "sha512-g74CyaCQ9m53o9APE2KBzgXSLGoKX2bGpbsgSYqeBeCYw2BSymgPB2Vt5hyLA/sVOdpKYgYDuYWF+8hCSFPEiw==",
      "license": "Apache-2.0",
      "dependencies": {
        "maxmind": "^5.0.0"
      }
    },
    "node_modules/@types/node": {
      "version": "24.7.2",
      "resolved": "https://registry.npmjs.org/@types/node/-/node-24.7.2.tgz",
      "integrity": "sha512-/NbVmcGTP+lj5oa4yiYxxeBjRivKQ5Ns1eSZeB99ExsEQ6rX5XYU1Zy/gGxY/ilqtD4Etx9mKyrPxZRetiahhA==",
      "dev": true,
      "license": "MIT",
      "dependencies": {
        "undici-types": "~7.14.0"
      }
    },
    "node_modules/maxmind": {
      "version": "5.0.0",
      "resolved": "https://registry.npmjs.org/maxmind/-/maxmind-5.0.0.tgz",
      "integrity": "sha512-ndhnbeQWKuiBU17BJ6cybUnvcyvNXaK+1VM5n9/I7+TIqAYFLDvX1DSoVfE1hgvZfudvAU9Ts1CW5sxYq/M8dA==",
      "license": "MIT",
      "dependencies": {
        "mmdb-lib": "3.0.1",
        "tiny-lru": "11.3.4"
      },
      "engines": {
        "node": ">=12",
        "npm": ">=6"
      }
    },
    "node_modules/mmdb-lib": {
      "version": "3.0.1",
      "resolved": "https://registry.npmjs.org/mmdb-lib/-/mmdb-lib-3.0.1.tgz",
      "integrity": "sha512-dyAyMR+cRykZd1mw5altC9f4vKpCsuywPwo8l/L5fKqDay2zmqT0mF/BvUoXnQiqGn+nceO914rkPKJoyFnGxA==",
      "license": "MIT",
      "engines": {
        "node": ">=10",
        "npm": ">=6"
      }
    },
    "node_modules/prettier": {
      "version": "3.6.2",
      "resolved": "https://registry.npmjs.org/prettier/-/prettier-3.6.2.tgz",
      "integrity": "sha512-I7AIg5boAr5R0FFtJ6rCfD+LFsWHp81dolrFD8S79U9tb8Az2nGrJncnMSnys+bpQJfRUzqs9hnA81OAA3hCuQ==",
      "dev": true,
      "license": "MIT",
      "bin": {
        "prettier": "bin/prettier.cjs"
      },
      "engines": {
        "node": ">=14"
      },
      "funding": {
        "url": "https://github.com/prettier/prettier?sponsor=1"
      }
    },
    "node_modules/tiny-lru": {
      "version": "11.3.4",
      "resolved": "https://registry.npmjs.org/tiny-lru/-/tiny-lru-11.3.4.tgz",
      "integrity": "sha512-UxWEfRKpFCabAf6fkTNdlfSw/RDUJ/4C6i1aLZaDnGF82PERHyYhz5CMCVYXtLt34LbqgfpJ2bjmgGKgxuF/6A==",
      "license": "BSD-3-Clause",
      "engines": {
        "node": ">=12"
      }
    },
    "node_modules/undici-types": {
      "version": "7.14.0",
      "resolved": "https://registry.npmjs.org/undici-types/-/undici-types-7.14.0.tgz",
      "integrity": "sha512-QQiYxHuyZ9gQUIrmPo3IA+hUl4KYk8uSA7cHrcKd/l3p1OTpZcM0Tbp9x7FAtXdAYhlasd60ncPpgu6ihG6TOA==",
      "dev": true,
      "license": "MIT"
    }
  }
}
